
Microsoft Visual Studio Solution File, Format Version 12.00
# Visual Studio 15
VisualStudioVersion = 15.0.28010.2041
MinimumVisualStudioVersion = 10.0.40219.1
Project("{FAE04EC0-301F-11D3-BF4B-00C04F79EFBC}") = "DesignPatterns", "DesignPatterns\DesignPatterns.csproj", "{FD13EE91-7039-4C82-91D3-F7FCDA77EFAB}"
EndProject
Global
	GlobalSection(SolutionConfigurationPlatforms) = preSolution
		Debug|Any CPU = Debug|Any CPU
		Release|Any CPU = Release|Any CPU
	EndGlobalSection
	GlobalSection(ProjectConfigurationPlatforms) = postSolution
		{FD13EE91-7039-4C82-91D3-F7FCDA77EFAB}.Debug|Any CPU.ActiveCfg = Debug|Any CPU
		{FD13EE91-7039-4C82-91D3-F7FCDA77EFAB}.Debug|Any CPU.Build.0 = Debug|Any CPU
		{FD13EE91-7039-4C82-91D3-F7FCDA77EFAB}.Release|Any CPU.ActiveCfg = Release|Any CPU
		{FD13EE91-7039-4C82-91D3-F7FCDA77EFAB}.Release|Any CPU.Build.0 = Release|Any CPU
	EndGlobalSection
	GlobalSection(SolutionProperties) = preSolution
		HideSolutionNode = FALSE
	EndGlobalSection
	GlobalSection(ExtensibilityGlobals) = postSolution
		SolutionGuid = {4A7DF5BC-B7C4-4156-95CD-05BB1AE859A3}
	EndGlobalSection
EndGlobal
